
Microsoft Visual Studio Solution File, Format Version 12.00
# Visual Studio Version 16
VisualStudioVersion = 16.0.30503.244
MinimumVisualStudioVersion = 10.0.40219.1
Project("{FAE04EC0-301F-11D3-BF4B-00C04F79EFBC}") = "Task_1", "Task_1\Task_1.csproj", "{E4222020-DE2F-4CA5-BBC1-A3A09E77DF43}"
EndProject
Global
	GlobalSection(SolutionConfigurationPlatforms) = preSolution
		Debug|Any CPU = Debug|Any CPU
		Release|Any CPU = Release|Any CPU
	EndGlobalSection
	GlobalSection(ProjectConfigurationPlatforms) = postSolution
		{E4222020-DE2F-4CA5-BBC1-A3A09E77DF43}.Debug|Any CPU.ActiveCfg = Debug|Any CPU
		{E4222020-DE2F-4CA5-BBC1-A3A09E77DF43}.Debug|Any CPU.Build.0 = Debug|Any CPU
		{E4222020-DE2F-4CA5-BBC1-A3A09E77DF43}.Release|Any CPU.ActiveCfg = Release|Any CPU
		{E4222020-DE2F-4CA5-BBC1-A3A09E77DF43}.Release|Any CPU.Build.0 = Release|Any CPU
	EndGlobalSection
	GlobalSection(SolutionProperties) = preSolution
		HideSolutionNode = FALSE
	EndGlobalSection
	GlobalSection(ExtensibilityGlobals) = postSolution
		SolutionGuid = {AAB09CEF-5EA7-4501-A545-1130B96B3A6F}
	EndGlobalSection
EndGlobal
